
Microsoft Visual Studio Solution File, Format Version 12.00
# Visual Studio Version 17
VisualStudioVersion = 17.7.34031.279
MinimumVisualStudioVersion = 10.0.40219.1
Project("{FAE04EC0-301F-11D3-BF4B-00C04F79EFBC}") = "ImgFromStream", "ImgFromStream.csproj", "{C126397B-8CE7-4221-8949-A6F21359A5FA}"
EndProject
Global
	GlobalSection(SolutionConfigurationPlatforms) = preSolution
		Debug|Any CPU = Debug|Any CPU
		Release|Any CPU = Release|Any CPU
	EndGlobalSection
	GlobalSection(ProjectConfigurationPlatforms) = postSolution
		{C126397B-8CE7-4221-8949-A6F21359A5FA}.Debug|Any CPU.ActiveCfg = Debug|Any CPU
		{C126397B-8CE7-4221-8949-A6F21359A5FA}.Debug|Any CPU.Build.0 = Debug|Any CPU
		{C126397B-8CE7-4221-8949-A6F21359A5FA}.Release|Any CPU.ActiveCfg = Release|Any CPU
		{C126397B-8CE7-4221-8949-A6F21359A5FA}.Release|Any CPU.Build.0 = Release|Any CPU
	EndGlobalSection
	GlobalSection(SolutionProperties) = preSolution
		HideSolutionNode = FALSE
	EndGlobalSection
	GlobalSection(ExtensibilityGlobals) = postSolution
		SolutionGuid = {0CF7E91E-1F5C-4201-966B-8A7E8311E808}
	EndGlobalSection
EndGlobal
